// !$*UTF8*$!
{
	archiveVersion = 1;
	classes = {
	};
	objectVersion = 56;
	objects = {

/* Begin PBXBuildFile section */
		A415C58B2A822F8100E22DF7 /* MarketPage.swift in Sources */ = {isa = PBXBuildFile; fileRef = A415C58A2A822F8100E22DF7 /* MarketPage.swift */; };
		A415C58D2A82300B00E22DF7 /* ProfilePage.swift in Sources */ = {isa = PBXBuildFile; fileRef = A415C58C2A82300B00E22DF7 /* ProfilePage.swift */; };
		A415C5902A8231A400E22DF7 /* Double.swift in Sources */ = {isa = PBXBuildFile; fileRef = A415C58F2A8231A400E22DF7 /* Double.swift */; };
		A415C5922A823B2600E22DF7 /* CoinGraph.swift in Sources */ = {isa = PBXBuildFile; fileRef = A415C5912A823B2600E22DF7 /* CoinGraph.swift */; };
		A43724632A83A10100480A10 /* DetailPage.swift in Sources */ = {isa = PBXBuildFile; fileRef = A43724622A83A10100480A10 /* DetailPage.swift */; };
		A45C429E2A8256A7006430CB /* Lottie in Frameworks */ = {isa = PBXBuildFile; productRef = A45C429D2A8256A7006430CB /* Lottie */; };
		A45C42A12A8256C5006430CB /* Kingfisher in Frameworks */ = {isa = PBXBuildFile; productRef = A45C42A02A8256C5006430CB /* Kingfisher */; };
		A45C42A32A825731006430CB /* HomePageDesign.swift in Sources */ = {isa = PBXBuildFile; fileRef = A45C42A22A825731006430CB /* HomePageDesign.swift */; };
		A4758ABF2A84EB7400DEC8D8 /* LoginPageDesign.swift in Sources */ = {isa = PBXBuildFile; fileRef = A4758ABE2A84EB7400DEC8D8 /* LoginPageDesign.swift */; };
		A4758AC12A84F21900DEC8D8 /* RegisterPageDesign.swift in Sources */ = {isa = PBXBuildFile; fileRef = A4758AC02A84F21900DEC8D8 /* RegisterPageDesign.swift */; };
		A4758AC32A8501A000DEC8D8 /* SearchPage.swift in Sources */ = {isa = PBXBuildFile; fileRef = A4758AC22A8501A000DEC8D8 /* SearchPage.swift */; };
		A4A0FED12A80E8A9001E6290 /* CryptoApp.swift in Sources */ = {isa = PBXBuildFile; fileRef = A4A0FED02A80E8A9001E6290 /* CryptoApp.swift */; };
		A4A0FED32A80E8A9001E6290 /* ContentView.swift in Sources */ = {isa = PBXBuildFile; fileRef = A4A0FED22A80E8A9001E6290 /* ContentView.swift */; };
		A4A0FED52A80E8A9001E6290 /* Assets.xcassets in Resources */ = {isa = PBXBuildFile; fileRef = A4A0FED42A80E8A9001E6290 /* Assets.xcassets */; };
		A4A0FED82A80E8A9001E6290 /* Preview Assets.xcassets in Resources */ = {isa = PBXBuildFile; fileRef = A4A0FED72A80E8A9001E6290 /* Preview Assets.xcassets */; };
		A4A0FEE32A80E905001E6290 /* CoinModel.swift in Sources */ = {isa = PBXBuildFile; fileRef = A4A0FEE22A80E905001E6290 /* CoinModel.swift */; };
		A4A0FEE52A80F1A6001E6290 /* CryptoViewModel.swift in Sources */ = {isa = PBXBuildFile; fileRef = A4A0FEE42A80F1A6001E6290 /* CryptoViewModel.swift */; };
		A4A0FEE72A810C03001E6290 /* HomePage.swift in Sources */ = {isa = PBXBuildFile; fileRef = A4A0FEE62A810C03001E6290 /* HomePage.swift */; };
		A4D054DB2A8A2D55004C7D90 /* WalletModel.swift in Sources */ = {isa = PBXBuildFile; fileRef = A4D054DA2A8A2D55004C7D90 /* WalletModel.swift */; };
		A4D054DD2A8A2EEC004C7D90 /* WalletPage.swift in Sources */ = {isa = PBXBuildFile; fileRef = A4D054DC2A8A2EEC004C7D90 /* WalletPage.swift */; };
		A4D054DF2A8A5D28004C7D90 /* GoogleService-Info.plist in Resources */ = {isa = PBXBuildFile; fileRef = A4D054DE2A8A5D28004C7D90 /* GoogleService-Info.plist */; };
		A4D054E22A8A5E3F004C7D90 /* FirebaseAnalytics in Frameworks */ = {isa = PBXBuildFile; productRef = A4D054E12A8A5E3F004C7D90 /* FirebaseAnalytics */; };
		A4D054E42A8A5E3F004C7D90 /* FirebaseAnalyticsSwift in Frameworks */ = {isa = PBXBuildFile; productRef = A4D054E32A8A5E3F004C7D90 /* FirebaseAnalyticsSwift */; };
		A4D054E62A8A5E3F004C7D90 /* FirebaseAuth in Frameworks */ = {isa = PBXBuildFile; productRef = A4D054E52A8A5E3F004C7D90 /* FirebaseAuth */; };
		A4D054E82A8A5E3F004C7D90 /* FirebaseAuthCombine-Community in Frameworks */ = {isa = PBXBuildFile; productRef = A4D054E72A8A5E3F004C7D90 /* FirebaseAuthCombine-Community */; };
		A4D054EA2A8A5E3F004C7D90 /* FirebaseDatabase in Frameworks */ = {isa = PBXBuildFile; productRef = A4D054E92A8A5E3F004C7D90 /* FirebaseDatabase */; };
		A4D054EC2A8A5E3F004C7D90 /* FirebaseFirestore in Frameworks */ = {isa = PBXBuildFile; productRef = A4D054EB2A8A5E3F004C7D90 /* FirebaseFirestore */; };
		A4D054EE2A8A5E3F004C7D90 /* FirebaseStorage in Frameworks */ = {isa = PBXBuildFile; productRef = A4D054ED2A8A5E3F004C7D90 /* FirebaseStorage */; };
/* End PBXBuildFile section */

/* Begin PBXFileReference section */
		A415C58A2A822F8100E22DF7 /* MarketPage.swift */ = {isa = PBXFileReference; lastKnownFileType = sourcecode.swift; path = MarketPage.swift; sourceTree = "<group>"; };
		A415C58C2A82300B00E22DF7 /* ProfilePage.swift */ = {isa = PBXFileReference; lastKnownFileType = sourcecode.swift; path = ProfilePage.swift; sourceTree = "<group>"; };
		A415C58F2A8231A400E22DF7 /* Double.swift */ = {isa = PBXFileReference; lastKnownFileType = sourcecode.swift; path = Double.swift; sourceTree = "<group>"; };
		A415C5912A823B2600E22DF7 /* CoinGraph.swift */ = {isa = PBXFileReference; lastKnownFileType = sourcecode.swift; path = CoinGraph.swift; sourceTree = "<group>"; };
		A43724622A83A10100480A10 /* DetailPage.swift */ = {isa = PBXFileReference; lastKnownFileType = sourcecode.swift; path = DetailPage.swift; sourceTree = "<group>"; };
		A45C42A22A825731006430CB /* HomePageDesign.swift */ = {isa = PBXFileReference; lastKnownFileType = sourcecode.swift; path = HomePageDesign.swift; sourceTree = "<group>"; };
		A45C42A42A8259A1006430CB /* Info.plist */ = {isa = PBXFileReference; lastKnownFileType = text.plist; path = Info.plist; sourceTree = "<group>"; };
		A4758ABE2A84EB7400DEC8D8 /* LoginPageDesign.swift */ = {isa = PBXFileReference; lastKnownFileType = sourcecode.swift; path = LoginPageDesign.swift; sourceTree = "<group>"; };
		A4758AC02A84F21900DEC8D8 /* RegisterPageDesign.swift */ = {isa = PBXFileReference; lastKnownFileType = sourcecode.swift; path = RegisterPageDesign.swift; sourceTree = "<group>"; };
		A4758AC22A8501A000DEC8D8 /* SearchPage.swift */ = {isa = PBXFileReference; lastKnownFileType = sourcecode.swift; path = SearchPage.swift; sourceTree = "<group>"; };
		A4A0FECD2A80E8A9001E6290 /* CryptoApp.app */ = {isa = PBXFileReference; explicitFileType = wrapper.application; includeInIndex = 0; path = CryptoApp.app; sourceTree = BUILT_PRODUCTS_DIR; };
		A4A0FED02A80E8A9001E6290 /* CryptoApp.swift */ = {isa = PBXFileReference; lastKnownFileType = sourcecode.swift; path = CryptoApp.swift; sourceTree = "<group>"; };
		A4A0FED22A80E8A9001E6290 /* ContentView.swift */ = {isa = PBXFileReference; lastKnownFileType = sourcecode.swift; path = ContentView.swift; sourceTree = "<group>"; };
		A4A0FED42A80E8A9001E6290 /* Assets.xcassets */ = {isa = PBXFileReference; lastKnownFileType = folder.assetcatalog; path = Assets.xcassets; sourceTree = "<group>"; };
		A4A0FED72A80E8A9001E6290 /* Preview Assets.xcassets */ = {isa = PBXFileReference; lastKnownFileType = folder.assetcatalog; path = "Preview Assets.xcassets"; sourceTree = "<group>"; };
		A4A0FEE22A80E905001E6290 /* CoinModel.swift */ = {isa = PBXFileReference; lastKnownFileType = sourcecode.swift; path = CoinModel.swift; sourceTree = "<group>"; };
		A4A0FEE42A80F1A6001E6290 /* CryptoViewModel.swift */ = {isa = PBXFileReference; lastKnownFileType = sourcecode.swift; path = CryptoViewModel.swift; sourceTree = "<group>"; };
		A4A0FEE62A810C03001E6290 /* HomePage.swift */ = {isa = PBXFileReference; lastKnownFileType = sourcecode.swift; path = HomePage.swift; sourceTree = "<group>"; };
		A4D054DA2A8A2D55004C7D90 /* WalletModel.swift */ = {isa = PBXFileReference; lastKnownFileType = sourcecode.swift; path = WalletModel.swift; sourceTree = "<group>"; };
		A4D054DC2A8A2EEC004C7D90 /* WalletPage.swift */ = {isa = PBXFileReference; lastKnownFileType = sourcecode.swift; path = WalletPage.swift; sourceTree = "<group>"; };
		A4D054DE2A8A5D28004C7D90 /* GoogleService-Info.plist */ = {isa = PBXFileReference; fileEncoding = 4; lastKnownFileType = text.plist.xml; path = "GoogleService-Info.plist"; sourceTree = "<group>"; };
/* End PBXFileReference section */

/* Begin PBXFrameworksBuildPhase section */
		A4A0FECA2A80E8A9001E6290 /* Frameworks */ = {
			isa = PBXFrameworksBuildPhase;
			buildActionMask = 2147483647;
			files = (
				A4D054E42A8A5E3F004C7D90 /* FirebaseAnalyticsSwift in Frameworks */,
				A4D054E82A8A5E3F004C7D90 /* FirebaseAuthCombine-Community in Frameworks */,
				A4D054EE2A8A5E3F004C7D90 /* FirebaseStorage in Frameworks */,
				A4D054E62A8A5E3F004C7D90 /* FirebaseAuth in Frameworks */,
				A45C42A12A8256C5006430CB /* Kingfisher in Frameworks */,
				A45C429E2A8256A7006430CB /* Lottie in Frameworks */,
				A4D054EC2A8A5E3F004C7D90 /* FirebaseFirestore in Frameworks */,
				A4D054EA2A8A5E3F004C7D90 /* FirebaseDatabase in Frameworks */,
				A4D054E22A8A5E3F004C7D90 /* FirebaseAnalytics in Frameworks */,
			);
			runOnlyForDeploymentPostprocessing = 0;
		};
/* End PBXFrameworksBuildPhase section */

/* Begin PBXGroup section */
		A415C58E2A82318D00E22DF7 /* Extensions */ = {
			isa = PBXGroup;
			children = (
				A415C58F2A8231A400E22DF7 /* Double.swift */,
			);
			path = Extensions;
			sourceTree = "<group>";
		};
		A4A0FEC42A80E8A9001E6290 = {
			isa = PBXGroup;
			children = (
				A4A0FECF2A80E8A9001E6290 /* CryptoApp */,
				A4A0FECE2A80E8A9001E6290 /* Products */,
			);
			sourceTree = "<group>";
		};
		A4A0FECE2A80E8A9001E6290 /* Products */ = {
			isa = PBXGroup;
			children = (
				A4A0FECD2A80E8A9001E6290 /* CryptoApp.app */,
			);
			name = Products;
			sourceTree = "<group>";
		};
		A4A0FECF2A80E8A9001E6290 /* CryptoApp */ = {
			isa = PBXGroup;
			children = (
				A4D054DE2A8A5D28004C7D90 /* GoogleService-Info.plist */,
				A45C42A42A8259A1006430CB /* Info.plist */,
				A415C58E2A82318D00E22DF7 /* Extensions */,
				A4A0FEE12A80E8ED001E6290 /* Model */,
				A4A0FEE02A80E8E9001E6290 /* View */,
				A4A0FEDF2A80E8C7001E6290 /* ViewModel */,
				A4A0FEDE2A80E8BE001E6290 /* Helpers */,
				A4A0FED62A80E8A9001E6290 /* Preview Content */,
			);
			path = CryptoApp;
			sourceTree = "<group>";
		};
		A4A0FED62A80E8A9001E6290 /* Preview Content */ = {
			isa = PBXGroup;
			children = (
				A4A0FED72A80E8A9001E6290 /* Preview Assets.xcassets */,
			);
			path = "Preview Content";
			sourceTree = "<group>";
		};
		A4A0FEDE2A80E8BE001E6290 /* Helpers */ = {
			isa = PBXGroup;
			children = (
				A4A0FED42A80E8A9001E6290 /* Assets.xcassets */,
			);
			path = Helpers;
			sourceTree = "<group>";
		};
		A4A0FEDF2A80E8C7001E6290 /* ViewModel */ = {
			isa = PBXGroup;
			children = (
				A4A0FEE42A80F1A6001E6290 /* CryptoViewModel.swift */,
			);
			path = ViewModel;
			sourceTree = "<group>";
		};
		A4A0FEE02A80E8E9001E6290 /* View */ = {
			isa = PBXGroup;
			children = (
				A4A0FEE82A8117B6001E6290 /* SubView */,
				A4A0FED02A80E8A9001E6290 /* CryptoApp.swift */,
				A4A0FED22A80E8A9001E6290 /* ContentView.swift */,
				A4A0FEE62A810C03001E6290 /* HomePage.swift */,
				A415C58A2A822F8100E22DF7 /* MarketPage.swift */,
				A415C58C2A82300B00E22DF7 /* ProfilePage.swift */,
				A415C5912A823B2600E22DF7 /* CoinGraph.swift */,
				A43724622A83A10100480A10 /* DetailPage.swift */,
				A4758AC22A8501A000DEC8D8 /* SearchPage.swift */,
			);
			path = View;
			sourceTree = "<group>";
		};
		A4A0FEE12A80E8ED001E6290 /* Model */ = {
			isa = PBXGroup;
			children = (
				A4A0FEE22A80E905001E6290 /* CoinModel.swift */,
				A4D054DA2A8A2D55004C7D90 /* WalletModel.swift */,
			);
			path = Model;
			sourceTree = "<group>";
		};
		A4A0FEE82A8117B6001E6290 /* SubView */ = {
			isa = PBXGroup;
			children = (
				A45C42A22A825731006430CB /* HomePageDesign.swift */,
				A4758ABE2A84EB7400DEC8D8 /* LoginPageDesign.swift */,
				A4758AC02A84F21900DEC8D8 /* RegisterPageDesign.swift */,
				A4D054DC2A8A2EEC004C7D90 /* WalletPage.swift */,
			);
			path = SubView;
			sourceTree = "<group>";
		};
/* End PBXGroup section */

/* Begin PBXNativeTarget section */
		A4A0FECC2A80E8A9001E6290 /* CryptoApp */ = {
			isa = PBXNativeTarget;
			buildConfigurationList = A4A0FEDB2A80E8A9001E6290 /* Build configuration list for PBXNativeTarget "CryptoApp" */;
			buildPhases = (
				A4A0FEC92A80E8A9001E6290 /* Sources */,
				A4A0FECA2A80E8A9001E6290 /* Frameworks */,
				A4A0FECB2A80E8A9001E6290 /* Resources */,
			);
			buildRules = (
			);
			dependencies = (
			);
			name = CryptoApp;
			packageProductDependencies = (
				A45C429D2A8256A7006430CB /* Lottie */,
				A45C42A02A8256C5006430CB /* Kingfisher */,
				A4D054E12A8A5E3F004C7D90 /* FirebaseAnalytics */,
				A4D054E32A8A5E3F004C7D90 /* FirebaseAnalyticsSwift */,
				A4D054E52A8A5E3F004C7D90 /* FirebaseAuth */,
				A4D054E72A8A5E3F004C7D90 /* FirebaseAuthCombine-Community */,
				A4D054E92A8A5E3F004C7D90 /* FirebaseDatabase */,
				A4D054EB2A8A5E3F004C7D90 /* FirebaseFirestore */,
				A4D054ED2A8A5E3F004C7D90 /* FirebaseStorage */,
			);
			productName = CryptoApp;
			productReference = A4A0FECD2A80E8A9001E6290 /* CryptoApp.app */;
			productType = "com.apple.product-type.application";
		};
/* End PBXNativeTarget section */

/* Begin PBXProject section */
		A4A0FEC52A80E8A9001E6290 /* Project object */ = {
			isa = PBXProject;
			attributes = {
				BuildIndependentTargetsInParallel = 1;
				LastSwiftUpdateCheck = 1420;
				LastUpgradeCheck = 1420;
				TargetAttributes = {
					A4A0FECC2A80E8A9001E6290 = {
						CreatedOnToolsVersion = 14.2;
					};
				};
			};
			buildConfigurationList = A4A0FEC82A80E8A9001E6290 /* Build configuration list for PBXProject "CryptoApp" */;
			compatibilityVersion = "Xcode 14.0";
			developmentRegion = en;
			hasScannedForEncodings = 0;
			knownRegions = (
				en,
				Base,
			);
			mainGroup = A4A0FEC42A80E8A9001E6290;
			packageReferences = (
				A45C429C2A8256A7006430CB /* XCRemoteSwiftPackageReference "lottie-ios" */,
				A45C429F2A8256C5006430CB /* XCRemoteSwiftPackageReference "Kingfisher" */,
				A4D054E02A8A5E3F004C7D90 /* XCRemoteSwiftPackageReference "firebase-ios-sdk" */,
			);
			productRefGroup = A4A0FECE2A80E8A9001E6290 /* Products */;
			projectDirPath = "";
			projectRoot = "";
			targets = (
				A4A0FECC2A80E8A9001E6290 /* CryptoApp */,
			);
		};
/* End PBXProject section */

/* Begin PBXResourcesBuildPhase section */
		A4A0FECB2A80E8A9001E6290 /* Resources */ = {
			isa = PBXResourcesBuildPhase;
			buildActionMask = 2147483647;
			files = (
				A4A0FED82A80E8A9001E6290 /* Preview Assets.xcassets in Resources */,
				A4A0FED52A80E8A9001E6290 /* Assets.xcassets in Resources */,
				A4D054DF2A8A5D28004C7D90 /* GoogleService-Info.plist in Resources */,
			);
			runOnlyForDeploymentPostprocessing = 0;
		};
/* End PBXResourcesBuildPhase section */

/* Begin PBXSourcesBuildPhase section */
		A4A0FEC92A80E8A9001E6290 /* Sources */ = {
			isa = PBXSourcesBuildPhase;
			buildActionMask = 2147483647;
			files = (
				A4D054DB2A8A2D55004C7D90 /* WalletModel.swift in Sources */,
				A4D054DD2A8A2EEC004C7D90 /* WalletPage.swift in Sources */,
				A4758ABF2A84EB7400DEC8D8 /* LoginPageDesign.swift in Sources */,
				A4A0FEE72A810C03001E6290 /* HomePage.swift in Sources */,
				A43724632A83A10100480A10 /* DetailPage.swift in Sources */,
				A4A0FED32A80E8A9001E6290 /* ContentView.swift in Sources */,
				A4758AC32A8501A000DEC8D8 /* SearchPage.swift in Sources */,
				A415C5902A8231A400E22DF7 /* Double.swift in Sources */,
				A4A0FEE52A80F1A6001E6290 /* CryptoViewModel.swift in Sources */,
				A415C58D2A82300B00E22DF7 /* ProfilePage.swift in Sources */,
				A45C42A32A825731006430CB /* HomePageDesign.swift in Sources */,
				A4A0FEE32A80E905001E6290 /* CoinModel.swift in Sources */,
				A415C58B2A822F8100E22DF7 /* MarketPage.swift in Sources */,
				A415C5922A823B2600E22DF7 /* CoinGraph.swift in Sources */,
				A4A0FED12A80E8A9001E6290 /* CryptoApp.swift in Sources */,
				A4758AC12A84F21900DEC8D8 /* RegisterPageDesign.swift in Sources */,
			);
			runOnlyForDeploymentPostprocessing = 0;
		};
/* End PBXSourcesBuildPhase section */

/* Begin XCBuildConfiguration section */
		A4A0FED92A80E8A9001E6290 /* Debug */ = {
			isa = XCBuildConfiguration;
			buildSettings = {
				ALWAYS_SEARCH_USER_PATHS = NO;
				CLANG_ANALYZER_NONNULL = YES;
				CLANG_ANALYZER_NUMBER_OBJECT_CONVERSION = YES_AGGRESSIVE;
				CLANG_CXX_LANGUAGE_STANDARD = "gnu++20";
				CLANG_ENABLE_MODULES = YES;
				CLANG_ENABLE_OBJC_ARC = YES;
				CLANG_ENABLE_OBJC_WEAK = YES;
				CLANG_WARN_BLOCK_CAPTURE_AUTORELEASING = YES;
				CLANG_WARN_BOOL_CONVERSION = YES;
				CLANG_WARN_COMMA = YES;
				CLANG_WARN_CONSTANT_CONVERSION = YES;
				CLANG_WARN_DEPRECATED_OBJC_IMPLEMENTATIONS = YES;
				CLANG_WARN_DIRECT_OBJC_ISA_USAGE = YES_ERROR;
				CLANG_WARN_DOCUMENTATION_COMMENTS = YES;
				CLANG_WARN_EMPTY_BODY = YES;
				CLANG_WARN_ENUM_CONVERSION = YES;
				CLANG_WARN_INFINITE_RECURSION = YES;
				CLANG_WARN_INT_CONVERSION = YES;
				CLANG_WARN_NON_LITERAL_NULL_CONVERSION = YES;
				CLANG_WARN_OBJC_IMPLICIT_RETAIN_SELF = YES;
				CLANG_WARN_OBJC_LITERAL_CONVERSION = YES;
				CLANG_WARN_OBJC_ROOT_CLASS = YES_ERROR;
				CLANG_WARN_QUOTED_INCLUDE_IN_FRAMEWORK_HEADER = YES;
				CLANG_WARN_RANGE_LOOP_ANALYSIS = YES;
				CLANG_WARN_STRICT_PROTOTYPES = YES;
				CLANG_WARN_SUSPICIOUS_MOVE = YES;
				CLANG_WARN_UNGUARDED_AVAILABILITY = YES_AGGRESSIVE;
				CLANG_WARN_UNREACHABLE_CODE = YES;
				CLANG_WARN__DUPLICATE_METHOD_MATCH = YES;
				COPY_PHASE_STRIP = NO;
				DEBUG_INFORMATION_FORMAT = dwarf;
				ENABLE_STRICT_OBJC_MSGSEND = YES;
				ENABLE_TESTABILITY = YES;
				GCC_C_LANGUAGE_STANDARD = gnu11;
				GCC_DYNAMIC_NO_PIC = NO;
				GCC_NO_COMMON_BLOCKS = YES;
				GCC_OPTIMIZATION_LEVEL = 0;
				GCC_PREPROCESSOR_DEFINITIONS = (
					"DEBUG=1",
					"$(inherited)",
				);
				GCC_WARN_64_TO_32_BIT_CONVERSION = YES;
				GCC_WARN_ABOUT_RETURN_TYPE = YES_ERROR;
				GCC_WARN_UNDECLARED_SELECTOR = YES;
				GCC_WARN_UNINITIALIZED_AUTOS = YES_AGGRESSIVE;
				GCC_WARN_UNUSED_FUNCTION = YES;
				GCC_WARN_UNUSED_VARIABLE = YES;
				IPHONEOS_DEPLOYMENT_TARGET = 16.2;
				MTL_ENABLE_DEBUG_INFO = INCLUDE_SOURCE;
				MTL_FAST_MATH = YES;
				ONLY_ACTIVE_ARCH = YES;
				SDKROOT = iphoneos;
				SWIFT_ACTIVE_COMPILATION_CONDITIONS = DEBUG;
				SWIFT_OPTIMIZATION_LEVEL = "-Onone";
			};
			name = Debug;
		};
		A4A0FEDA2A80E8A9001E6290 /* Release */ = {
			isa = XCBuildConfiguration;
			buildSettings = {
				ALWAYS_SEARCH_USER_PATHS = NO;
				CLANG_ANALYZER_NONNULL = YES;
				CLANG_ANALYZER_NUMBER_OBJECT_CONVERSION = YES_AGGRESSIVE;
				CLANG_CXX_LANGUAGE_STANDARD = "gnu++20";
				CLANG_ENABLE_MODULES = YES;
				CLANG_ENABLE_OBJC_ARC = YES;
				CLANG_ENABLE_OBJC_WEAK = YES;
				CLANG_WARN_BLOCK_CAPTURE_AUTORELEASING = YES;
				CLANG_WARN_BOOL_CONVERSION = YES;
				CLANG_WARN_COMMA = YES;
				CLANG_WARN_CONSTANT_CONVERSION = YES;
				CLANG_WARN_DEPRECATED_OBJC_IMPLEMENTATIONS = YES;
				CLANG_WARN_DIRECT_OBJC_ISA_USAGE = YES_ERROR;
				CLANG_WARN_DOCUMENTATION_COMMENTS = YES;
				CLANG_WARN_EMPTY_BODY = YES;
				CLANG_WARN_ENUM_CONVERSION = YES;
				CLANG_WARN_INFINITE_RECURSION = YES;
				CLANG_WARN_INT_CONVERSION = YES;
				CLANG_WARN_NON_LITERAL_NULL_CONVERSION = YES;
				CLANG_WARN_OBJC_IMPLICIT_RETAIN_SELF = YES;
				CLANG_WARN_OBJC_LITERAL_CONVERSION = YES;
				CLANG_WARN_OBJC_ROOT_CLASS = YES_ERROR;
				CLANG_WARN_QUOTED_INCLUDE_IN_FRAMEWORK_HEADER = YES;
				CLANG_WARN_RANGE_LOOP_ANALYSIS = YES;
				CLANG_WARN_STRICT_PROTOTYPES = YES;
				CLANG_WARN_SUSPICIOUS_MOVE = YES;
				CLANG_WARN_UNGUARDED_AVAILABILITY = YES_AGGRESSIVE;
				CLANG_WARN_UNREACHABLE_CODE = YES;
				CLANG_WARN__DUPLICATE_METHOD_MATCH = YES;
				COPY_PHASE_STRIP = NO;
				DEBUG_INFORMATION_FORMAT = "dwarf-with-dsym";
				ENABLE_NS_ASSERTIONS = NO;
				ENABLE_STRICT_OBJC_MSGSEND = YES;
				GCC_C_LANGUAGE_STANDARD = gnu11;
				GCC_NO_COMMON_BLOCKS = YES;
				GCC_WARN_64_TO_32_BIT_CONVERSION = YES;
				GCC_WARN_ABOUT_RETURN_TYPE = YES_ERROR;
				GCC_WARN_UNDECLARED_SELECTOR = YES;
				GCC_WARN_UNINITIALIZED_AUTOS = YES_AGGRESSIVE;
				GCC_WARN_UNUSED_FUNCTION = YES;
				GCC_WARN_UNUSED_VARIABLE = YES;
				IPHONEOS_DEPLOYMENT_TARGET = 16.2;
				MTL_ENABLE_DEBUG_INFO = NO;
				MTL_FAST_MATH = YES;
				SDKROOT = iphoneos;
				SWIFT_COMPILATION_MODE = wholemodule;
				SWIFT_OPTIMIZATION_LEVEL = "-O";
				VALIDATE_PRODUCT = YES;
			};
			name = Release;
		};
		A4A0FEDC2A80E8A9001E6290 /* Debug */ = {
			isa = XCBuildConfiguration;
			buildSettings = {
				ASSETCATALOG_COMPILER_APPICON_NAME = AppIcon;
				ASSETCATALOG_COMPILER_GLOBAL_ACCENT_COLOR_NAME = AccentColor;
				CODE_SIGN_STYLE = Automatic;
				CURRENT_PROJECT_VERSION = 1;
				DEVELOPMENT_ASSET_PATHS = "\"CryptoApp/Preview Content\"";
				DEVELOPMENT_TEAM = NF9R7KNMC7;
				ENABLE_PREVIEWS = YES;
				GENERATE_INFOPLIST_FILE = YES;
				INFOPLIST_FILE = CryptoApp/Info.plist;
				INFOPLIST_KEY_UIApplicationSceneManifest_Generation = YES;
				INFOPLIST_KEY_UIApplicationSupportsIndirectInputEvents = YES;
				INFOPLIST_KEY_UILaunchScreen_Generation = YES;
				INFOPLIST_KEY_UISupportedInterfaceOrientations_iPad = "UIInterfaceOrientationPortrait UIInterfaceOrientationPortraitUpsideDown UIInterfaceOrientationLandscapeLeft UIInterfaceOrientationLandscapeRight";
				INFOPLIST_KEY_UISupportedInterfaceOrientations_iPhone = "UIInterfaceOrientationPortrait UIInterfaceOrientationLandscapeLeft UIInterfaceOrientationLandscapeRight";
				LD_RUNPATH_SEARCH_PATHS = (
					"$(inherited)",
					"@executable_path/Frameworks",
				);
				MARKETING_VERSION = 1.0;
				PRODUCT_BUNDLE_IDENTIFIER = com.eyuphanakkaya.CryptoApp;
				PRODUCT_NAME = "$(TARGET_NAME)";
				SWIFT_EMIT_LOC_STRINGS = YES;
				SWIFT_VERSION = 5.0;
				TARGETED_DEVICE_FAMILY = "1,2";
			};
			name = Debug;
		};
		A4A0FEDD2A80E8A9001E6290 /* Release */ = {
			isa = XCBuildConfiguration;
			buildSettings = {
				ASSETCATALOG_COMPILER_APPICON_NAME = AppIcon;
				ASSETCATALOG_COMPILER_GLOBAL_ACCENT_COLOR_NAME = AccentColor;
				CODE_SIGN_STYLE = Automatic;
				CURRENT_PROJECT_VERSION = 1;
				DEVELOPMENT_ASSET_PATHS = "\"CryptoApp/Preview Content\"";
				DEVELOPMENT_TEAM = NF9R7KNMC7;
				ENABLE_PREVIEWS = YES;
				GENERATE_INFOPLIST_FILE = YES;
				INFOPLIST_FILE = CryptoApp/Info.plist;
				INFOPLIST_KEY_UIApplicationSceneManifest_Generation = YES;
				INFOPLIST_KEY_UIApplicationSupportsIndirectInputEvents = YES;
				INFOPLIST_KEY_UILaunchScreen_Generation = YES;
				INFOPLIST_KEY_UISupportedInterfaceOrientations_iPad = "UIInterfaceOrientationPortrait UIInterfaceOrientationPortraitUpsideDown UIInterfaceOrientationLandscapeLeft UIInterfaceOrientationLandscapeRight";
				INFOPLIST_KEY_UISupportedInterfaceOrientations_iPhone = "UIInterfaceOrientationPortrait UIInterfaceOrientationLandscapeLeft UIInterfaceOrientationLandscapeRight";
				LD_RUNPATH_SEARCH_PATHS = (
					"$(inherited)",
					"@executable_path/Frameworks",
				);
				MARKETING_VERSION = 1.0;
				PRODUCT_BUNDLE_IDENTIFIER = com.eyuphanakkaya.CryptoApp;
				PRODUCT_NAME = "$(TARGET_NAME)";
				SWIFT_EMIT_LOC_STRINGS = YES;
				SWIFT_VERSION = 5.0;
				TARGETED_DEVICE_FAMILY = "1,2";
			};
			name = Release;
		};
/* End XCBuildConfiguration section */

/* Begin XCConfigurationList section */
		A4A0FEC82A80E8A9001E6290 /* Build configuration list for PBXProject "CryptoApp" */ = {
			isa = XCConfigurationList;
			buildConfigurations = (
				A4A0FED92A80E8A9001E6290 /* Debug */,
				A4A0FEDA2A80E8A9001E6290 /* Release */,
			);
			defaultConfigurationIsVisible = 0;
			defaultConfigurationName = Release;
		};
		A4A0FEDB2A80E8A9001E6290 /* Build configuration list for PBXNativeTarget "CryptoApp" */ = {
			isa = XCConfigurationList;
			buildConfigurations = (
				A4A0FEDC2A80E8A9001E6290 /* Debug */,
				A4A0FEDD2A80E8A9001E6290 /* Release */,
			);
			defaultConfigurationIsVisible = 0;
			defaultConfigurationName = Release;
		};
/* End XCConfigurationList section */

/* Begin XCRemoteSwiftPackageReference section */
		A45C429C2A8256A7006430CB /* XCRemoteSwiftPackageReference "lottie-ios" */ = {
			isa = XCRemoteSwiftPackageReference;
			repositoryURL = "https://github.com/airbnb/lottie-ios.git";
			requirement = {
				kind = upToNextMajorVersion;
				minimumVersion = 4.0.0;
			};
		};
		A45C429F2A8256C5006430CB /* XCRemoteSwiftPackageReference "Kingfisher" */ = {
			isa = XCRemoteSwiftPackageReference;
			repositoryURL = "https://github.com/onevcat/Kingfisher.git";
			requirement = {
				branch = master;
				kind = branch;
			};
		};
		A4D054E02A8A5E3F004C7D90 /* XCRemoteSwiftPackageReference "firebase-ios-sdk" */ = {
			isa = XCRemoteSwiftPackageReference;
			repositoryURL = "https://github.com/firebase/firebase-ios-sdk";
			requirement = {
				branch = master;
				kind = branch;
			};
		};
/* End XCRemoteSwiftPackageReference section */

/* Begin XCSwiftPackageProductDependency section */
		A45C429D2A8256A7006430CB /* Lottie */ = {
			isa = XCSwiftPackageProductDependency;
			package = A45C429C2A8256A7006430CB /* XCRemoteSwiftPackageReference "lottie-ios" */;
			productName = Lottie;
		};
		A45C42A02A8256C5006430CB /* Kingfisher */ = {
			isa = XCSwiftPackageProductDependency;
			package = A45C429F2A8256C5006430CB /* XCRemoteSwiftPackageReference "Kingfisher" */;
			productName = Kingfisher;
		};
		A4D054E12A8A5E3F004C7D90 /* FirebaseAnalytics */ = {
			isa = XCSwiftPackageProductDependency;
			package = A4D054E02A8A5E3F004C7D90 /* XCRemoteSwiftPackageReference "firebase-ios-sdk" */;
			productName = FirebaseAnalytics;
		};
		A4D054E32A8A5E3F004C7D90 /* FirebaseAnalyticsSwift */ = {
			isa = XCSwiftPackageProductDependency;
			package = A4D054E02A8A5E3F004C7D90 /* XCRemoteSwiftPackageReference "firebase-ios-sdk" */;
			productName = FirebaseAnalyticsSwift;
		};
		A4D054E52A8A5E3F004C7D90 /* FirebaseAuth */ = {
			isa = XCSwiftPackageProductDependency;
			package = A4D054E02A8A5E3F004C7D90 /* XCRemoteSwiftPackageReference "firebase-ios-sdk" */;
			productName = FirebaseAuth;
		};
		A4D054E72A8A5E3F004C7D90 /* FirebaseAuthCombine-Community */ = {
			isa = XCSwiftPackageProductDependency;
			package = A4D054E02A8A5E3F004C7D90 /* XCRemoteSwiftPackageReference "firebase-ios-sdk" */;
			productName = "FirebaseAuthCombine-Community";
		};
		A4D054E92A8A5E3F004C7D90 /* FirebaseDatabase */ = {
			isa = XCSwiftPackageProductDependency;
			package = A4D054E02A8A5E3F004C7D90 /* XCRemoteSwiftPackageReference "firebase-ios-sdk" */;
			productName = FirebaseDatabase;
		};
		A4D054EB2A8A5E3F004C7D90 /* FirebaseFirestore */ = {
			isa = XCSwiftPackageProductDependency;
			package = A4D054E02A8A5E3F004C7D90 /* XCRemoteSwiftPackageReference "firebase-ios-sdk" */;
			productName = FirebaseFirestore;
		};
		A4D054ED2A8A5E3F004C7D90 /* FirebaseStorage */ = {
			isa = XCSwiftPackageProductDependency;
			package = A4D054E02A8A5E3F004C7D90 /* XCRemoteSwiftPackageReference "firebase-ios-sdk" */;
			productName = FirebaseStorage;
		};
/* End XCSwiftPackageProductDependency section */
	};
	rootObject = A4A0FEC52A80E8A9001E6290 /* Project object */;
}
